
Microsoft Visual Studio Solution File, Format Version 12.00
# Visual Studio Version 16
VisualStudioVersion = 16.0.31624.102
MinimumVisualStudioVersion = 10.0.40219.1
Project("{FAE04EC0-301F-11D3-BF4B-00C04F79EFBC}") = "I am tryimg", "I am tryimg\I am tryimg.csproj", "{F5E8F32B-034B-4DBF-B1E0-7473E285C985}"
EndProject
Project("{FAE04EC0-301F-11D3-BF4B-00C04F79EFBC}") = "Lotery", "Lotery\Lotery.csproj", "{88E7240A-19ED-4027-A8F1-12C626CC9562}"
EndProject
Project("{FAE04EC0-301F-11D3-BF4B-00C04F79EFBC}") = "BankDeal", "BankDeal\BankDeal.csproj", "{F7A17C29-85DC-46D5-8A6F-46959561A6D6}"
EndProject
Project("{FAE04EC0-301F-11D3-BF4B-00C04F79EFBC}") = "Building", "Building\Building.csproj", "{5A211DAB-BE2A-4A25-B14D-766EDC9EA830}"
EndProject
Global
	GlobalSection(SolutionConfigurationPlatforms) = preSolution
		Debug|Any CPU = Debug|Any CPU
		Release|Any CPU = Release|Any CPU
	EndGlobalSection
	GlobalSection(ProjectConfigurationPlatforms) = postSolution
		{F5E8F32B-034B-4DBF-B1E0-7473E285C985}.Debug|Any CPU.ActiveCfg = Debug|Any CPU
		{F5E8F32B-034B-4DBF-B1E0-7473E285C985}.Debug|Any CPU.Build.0 = Debug|Any CPU
		{F5E8F32B-034B-4DBF-B1E0-7473E285C985}.Release|Any CPU.ActiveCfg = Release|Any CPU
		{F5E8F32B-034B-4DBF-B1E0-7473E285C985}.Release|Any CPU.Build.0 = Release|Any CPU
		{88E7240A-19ED-4027-A8F1-12C626CC9562}.Debug|Any CPU.ActiveCfg = Debug|Any CPU
		{88E7240A-19ED-4027-A8F1-12C626CC9562}.Debug|Any CPU.Build.0 = Debug|Any CPU
		{88E7240A-19ED-4027-A8F1-12C626CC9562}.Release|Any CPU.ActiveCfg = Release|Any CPU
		{88E7240A-19ED-4027-A8F1-12C626CC9562}.Release|Any CPU.Build.0 = Release|Any CPU
		{F7A17C29-85DC-46D5-8A6F-46959561A6D6}.Debug|Any CPU.ActiveCfg = Debug|Any CPU
		{F7A17C29-85DC-46D5-8A6F-46959561A6D6}.Debug|Any CPU.Build.0 = Debug|Any CPU
		{F7A17C29-85DC-46D5-8A6F-46959561A6D6}.Release|Any CPU.ActiveCfg = Release|Any CPU
		{F7A17C29-85DC-46D5-8A6F-46959561A6D6}.Release|Any CPU.Build.0 = Release|Any CPU
		{5A211DAB-BE2A-4A25-B14D-766EDC9EA830}.Debug|Any CPU.ActiveCfg = Debug|Any CPU
		{5A211DAB-BE2A-4A25-B14D-766EDC9EA830}.Debug|Any CPU.Build.0 = Debug|Any CPU
		{5A211DAB-BE2A-4A25-B14D-766EDC9EA830}.Release|Any CPU.ActiveCfg = Release|Any CPU
		{5A211DAB-BE2A-4A25-B14D-766EDC9EA830}.Release|Any CPU.Build.0 = Release|Any CPU
	EndGlobalSection
	GlobalSection(SolutionProperties) = preSolution
		HideSolutionNode = FALSE
	EndGlobalSection
	GlobalSection(ExtensibilityGlobals) = postSolution
		SolutionGuid = {3F3A5808-7516-47B1-A224-4CE6F2C2F493}
	EndGlobalSection
EndGlobal
